
Microsoft Visual Studio Solution File, Format Version 12.00
# Visual Studio 14
VisualStudioVersion = 14.0.25420.1
MinimumVisualStudioVersion = 10.0.40219.1
Project("{FAE04EC0-301F-11D3-BF4B-00C04F79EFBC}") = "NReco.Recommender", "NReco.Recommender\NReco.Recommender.csproj", "{A5DA1BF8-7601-45FC-A906-F61AC63D8EE7}"
EndProject
Project("{FAE04EC0-301F-11D3-BF4B-00C04F79EFBC}") = "NReco.Recommender.Tests", "NReco.Recommender.Tests\NReco.Recommender.Tests.csproj", "{917A99F0-A2A4-4A14-B40C-D83BC3922BF4}"
EndProject
Project("{FAE04EC0-301F-11D3-BF4B-00C04F79EFBC}") = "NReco.Recommender.Test.VS", "NReco.Recommender.Test.VS\NReco.Recommender.Test.VS.csproj", "{705753B2-37AB-4F38-8C1D-D456637AFACC}"
EndProject
Project("{FAE04EC0-301F-11D3-BF4B-00C04F79EFBC}") = "NReco.Recommender.Extension", "NReco.Recommender.Extension\NReco.Recommender.Extension.csproj", "{7F988041-0C0D-40B6-B6B3-7B983D571955}"
EndProject
Project("{FAE04EC0-301F-11D3-BF4B-00C04F79EFBC}") = "NReco.Recommender.Extension.Test", "NReco.Recommender.Extension.Test\NReco.Recommender.Extension.Test.csproj", "{2C6D45C1-4E6B-4A4F-9430-01A2E6DF5C2F}"
EndProject
Project("{2150E333-8FDC-42A3-9474-1A3956D46DE8}") = "Recommender", "Recommender", "{843C52AB-2C79-4383-BB5C-FF7D33A0419A}"
EndProject
Project("{2150E333-8FDC-42A3-9474-1A3956D46DE8}") = "Recommender.Test", "Recommender.Test", "{F03F814C-B51C-49EF-BED9-BD39370013F9}"
EndProject
Project("{2150E333-8FDC-42A3-9474-1A3956D46DE8}") = "Common", "Common", "{B3A950F8-97DD-4781-8C0B-467209C5F4BD}"
EndProject
Project("{FAE04EC0-301F-11D3-BF4B-00C04F79EFBC}") = "CQSS.Common", "Common\CQSS.Common\CQSS.Common.csproj", "{7A15CCA6-E745-416C-B0AB-81DF68EF9302}"
EndProject
Project("{2150E333-8FDC-42A3-9474-1A3956D46DE8}") = "Common.Extension", "Common.Extension", "{A6B78F7A-2726-435C-AD57-20048B358939}"
EndProject
Project("{FAE04EC0-301F-11D3-BF4B-00C04F79EFBC}") = "CQSS.Common.Database.Dapper", "Common\CQSS.Common.Database.Dapper\CQSS.Common.Database.Dapper.csproj", "{41D0AE73-7A68-4F60-B309-923B837AC239}"
EndProject
Project("{FAE04EC0-301F-11D3-BF4B-00C04F79EFBC}") = "CQSS.Common.Logging.Log4net", "Common\CQSS.Common.Logging.Log4net\CQSS.Common.Logging.Log4net.csproj", "{065908A0-9FEE-4530-B134-0D6FDAC6C2D2}"
EndProject
Project("{FAE04EC0-301F-11D3-BF4B-00C04F79EFBC}") = "CQSS.Common.MemcacheProvider.Enyim", "Common\CQSS.Common.MemcacheProvider.Enyim\CQSS.Common.MemcacheProvider.Enyim.csproj", "{66968F61-3D38-468F-BB24-30928A54D30B}"
EndProject
Project("{FAE04EC0-301F-11D3-BF4B-00C04F79EFBC}") = "CQSS.Common.Serializing.JsonDotNet", "Common\CQSS.Common.Serializing.JsonDotNet\CQSS.Common.Serializing.JsonDotNet.csproj", "{EFC3D51F-20C6-4776-BF47-48997B2CC224}"
EndProject
Project("{2150E333-8FDC-42A3-9474-1A3956D46DE8}") = "Recommender.Service", "Recommender.Service", "{B851D104-80B4-4D42-8F3C-8CF7A4832AE2}"
EndProject
Project("{FAE04EC0-301F-11D3-BF4B-00C04F79EFBC}") = "NReco.Recommender.Engine", "NReco.Recommender.Engine\NReco.Recommender.Engine.csproj", "{75A5AA0F-6394-4C52-842C-1BEF25FF3550}"
EndProject
Project("{FAE04EC0-301F-11D3-BF4B-00C04F79EFBC}") = "CQSS.Common.ObjectContainer.Autofac", "Common\CQSS.Common.ObjectContainer.Autofac\CQSS.Common.ObjectContainer.Autofac.csproj", "{9A889485-F608-4195-B36E-E92538DA0106}"
EndProject
Project("{2150E333-8FDC-42A3-9474-1A3956D46DE8}") = "MongoDBClient", "MongoDBClient", "{C26EC733-039B-4295-8F03-61430DC7D535}"
EndProject
Project("{FAE04EC0-301F-11D3-BF4B-00C04F79EFBC}") = "CQSS.Mongo.Client", "CQSS.Mongo.Client\CQSS.Mongo.Client.csproj", "{A9CEF79E-1807-483D-89E0-036821C8EB94}"
EndProject
Project("{FAE04EC0-301F-11D3-BF4B-00C04F79EFBC}") = "NReco.Recommender.ServiceContract", "NReco.Recommender.ServiceContract\NReco.Recommender.ServiceContract.csproj", "{77687B96-F26D-4F77-A5A5-A4CF9B8EDB8D}"
EndProject
Project("{FAE04EC0-301F-11D3-BF4B-00C04F79EFBC}") = "NReco.Recommender.DataContract", "NReco.Recommender.DataContract\NReco.Recommender.DataContract.csproj", "{2CE5D5B4-A796-469A-B161-6F71B5553CD1}"
EndProject
Global
	GlobalSection(SolutionConfigurationPlatforms) = preSolution
		Debug|Any CPU = Debug|Any CPU
		Release|Any CPU = Release|Any CPU
	EndGlobalSection
	GlobalSection(ProjectConfigurationPlatforms) = postSolution
		{A5DA1BF8-7601-45FC-A906-F61AC63D8EE7}.Debug|Any CPU.ActiveCfg = Debug|Any CPU
		{A5DA1BF8-7601-45FC-A906-F61AC63D8EE7}.Debug|Any CPU.Build.0 = Debug|Any CPU
		{A5DA1BF8-7601-45FC-A906-F61AC63D8EE7}.Release|Any CPU.ActiveCfg = Release|Any CPU
		{A5DA1BF8-7601-45FC-A906-F61AC63D8EE7}.Release|Any CPU.Build.0 = Release|Any CPU
		{917A99F0-A2A4-4A14-B40C-D83BC3922BF4}.Debug|Any CPU.ActiveCfg = Debug|Any CPU
		{917A99F0-A2A4-4A14-B40C-D83BC3922BF4}.Debug|Any CPU.Build.0 = Debug|Any CPU
		{917A99F0-A2A4-4A14-B40C-D83BC3922BF4}.Release|Any CPU.ActiveCfg = Release|Any CPU
		{917A99F0-A2A4-4A14-B40C-D83BC3922BF4}.Release|Any CPU.Build.0 = Release|Any CPU
		{705753B2-37AB-4F38-8C1D-D456637AFACC}.Debug|Any CPU.ActiveCfg = Debug|Any CPU
		{705753B2-37AB-4F38-8C1D-D456637AFACC}.Debug|Any CPU.Build.0 = Debug|Any CPU
		{705753B2-37AB-4F38-8C1D-D456637AFACC}.Release|Any CPU.ActiveCfg = Release|Any CPU
		{705753B2-37AB-4F38-8C1D-D456637AFACC}.Release|Any CPU.Build.0 = Release|Any CPU
		{7F988041-0C0D-40B6-B6B3-7B983D571955}.Debug|Any CPU.ActiveCfg = Debug|Any CPU
		{7F988041-0C0D-40B6-B6B3-7B983D571955}.Debug|Any CPU.Build.0 = Debug|Any CPU
		{7F988041-0C0D-40B6-B6B3-7B983D571955}.Release|Any CPU.ActiveCfg = Release|Any CPU
		{7F988041-0C0D-40B6-B6B3-7B983D571955}.Release|Any CPU.Build.0 = Release|Any CPU
		{2C6D45C1-4E6B-4A4F-9430-01A2E6DF5C2F}.Debug|Any CPU.ActiveCfg = Debug|Any CPU
		{2C6D45C1-4E6B-4A4F-9430-01A2E6DF5C2F}.Debug|Any CPU.Build.0 = Debug|Any CPU
		{2C6D45C1-4E6B-4A4F-9430-01A2E6DF5C2F}.Release|Any CPU.ActiveCfg = Release|Any CPU
		{2C6D45C1-4E6B-4A4F-9430-01A2E6DF5C2F}.Release|Any CPU.Build.0 = Release|Any CPU
		{7A15CCA6-E745-416C-B0AB-81DF68EF9302}.Debug|Any CPU.ActiveCfg = Debug|Any CPU
		{7A15CCA6-E745-416C-B0AB-81DF68EF9302}.Debug|Any CPU.Build.0 = Debug|Any CPU
		{7A15CCA6-E745-416C-B0AB-81DF68EF9302}.Release|Any CPU.ActiveCfg = Release|Any CPU
		{7A15CCA6-E745-416C-B0AB-81DF68EF9302}.Release|Any CPU.Build.0 = Release|Any CPU
		{41D0AE73-7A68-4F60-B309-923B837AC239}.Debug|Any CPU.ActiveCfg = Debug|Any CPU
		{41D0AE73-7A68-4F60-B309-923B837AC239}.Debug|Any CPU.Build.0 = Debug|Any CPU
		{41D0AE73-7A68-4F60-B309-923B837AC239}.Release|Any CPU.ActiveCfg = Release|Any CPU
		{41D0AE73-7A68-4F60-B309-923B837AC239}.Release|Any CPU.Build.0 = Release|Any CPU
		{065908A0-9FEE-4530-B134-0D6FDAC6C2D2}.Debug|Any CPU.ActiveCfg = Debug|Any CPU
		{065908A0-9FEE-4530-B134-0D6FDAC6C2D2}.Debug|Any CPU.Build.0 = Debug|Any CPU
		{065908A0-9FEE-4530-B134-0D6FDAC6C2D2}.Release|Any CPU.ActiveCfg = Release|Any CPU
		{065908A0-9FEE-4530-B134-0D6FDAC6C2D2}.Release|Any CPU.Build.0 = Release|Any CPU
		{66968F61-3D38-468F-BB24-30928A54D30B}.Debug|Any CPU.ActiveCfg = Debug|Any CPU
		{66968F61-3D38-468F-BB24-30928A54D30B}.Debug|Any CPU.Build.0 = Debug|Any CPU
		{66968F61-3D38-468F-BB24-30928A54D30B}.Release|Any CPU.ActiveCfg = Release|Any CPU
		{66968F61-3D38-468F-BB24-30928A54D30B}.Release|Any CPU.Build.0 = Release|Any CPU
		{EFC3D51F-20C6-4776-BF47-48997B2CC224}.Debug|Any CPU.ActiveCfg = Debug|Any CPU
		{EFC3D51F-20C6-4776-BF47-48997B2CC224}.Debug|Any CPU.Build.0 = Debug|Any CPU
		{EFC3D51F-20C6-4776-BF47-48997B2CC224}.Release|Any CPU.ActiveCfg = Release|Any CPU
		{EFC3D51F-20C6-4776-BF47-48997B2CC224}.Release|Any CPU.Build.0 = Release|Any CPU
		{75A5AA0F-6394-4C52-842C-1BEF25FF3550}.Debug|Any CPU.ActiveCfg = Debug|Any CPU
		{75A5AA0F-6394-4C52-842C-1BEF25FF3550}.Debug|Any CPU.Build.0 = Debug|Any CPU
		{75A5AA0F-6394-4C52-842C-1BEF25FF3550}.Release|Any CPU.ActiveCfg = Release|Any CPU
		{75A5AA0F-6394-4C52-842C-1BEF25FF3550}.Release|Any CPU.Build.0 = Release|Any CPU
		{9A889485-F608-4195-B36E-E92538DA0106}.Debug|Any CPU.ActiveCfg = Debug|Any CPU
		{9A889485-F608-4195-B36E-E92538DA0106}.Debug|Any CPU.Build.0 = Debug|Any CPU
		{9A889485-F608-4195-B36E-E92538DA0106}.Release|Any CPU.ActiveCfg = Release|Any CPU
		{9A889485-F608-4195-B36E-E92538DA0106}.Release|Any CPU.Build.0 = Release|Any CPU
		{A9CEF79E-1807-483D-89E0-036821C8EB94}.Debug|Any CPU.ActiveCfg = Debug|Any CPU
		{A9CEF79E-1807-483D-89E0-036821C8EB94}.Debug|Any CPU.Build.0 = Debug|Any CPU
		{A9CEF79E-1807-483D-89E0-036821C8EB94}.Release|Any CPU.ActiveCfg = Release|Any CPU
		{A9CEF79E-1807-483D-89E0-036821C8EB94}.Release|Any CPU.Build.0 = Release|Any CPU
		{77687B96-F26D-4F77-A5A5-A4CF9B8EDB8D}.Debug|Any CPU.ActiveCfg = Debug|Any CPU
		{77687B96-F26D-4F77-A5A5-A4CF9B8EDB8D}.Debug|Any CPU.Build.0 = Debug|Any CPU
		{77687B96-F26D-4F77-A5A5-A4CF9B8EDB8D}.Release|Any CPU.ActiveCfg = Release|Any CPU
		{77687B96-F26D-4F77-A5A5-A4CF9B8EDB8D}.Release|Any CPU.Build.0 = Release|Any CPU
		{2CE5D5B4-A796-469A-B161-6F71B5553CD1}.Debug|Any CPU.ActiveCfg = Debug|Any CPU
		{2CE5D5B4-A796-469A-B161-6F71B5553CD1}.Debug|Any CPU.Build.0 = Debug|Any CPU
		{2CE5D5B4-A796-469A-B161-6F71B5553CD1}.Release|Any CPU.ActiveCfg = Release|Any CPU
		{2CE5D5B4-A796-469A-B161-6F71B5553CD1}.Release|Any CPU.Build.0 = Release|Any CPU
	EndGlobalSection
	GlobalSection(SolutionProperties) = preSolution
		HideSolutionNode = FALSE
	EndGlobalSection
	GlobalSection(NestedProjects) = preSolution
		{A5DA1BF8-7601-45FC-A906-F61AC63D8EE7} = {843C52AB-2C79-4383-BB5C-FF7D33A0419A}
		{917A99F0-A2A4-4A14-B40C-D83BC3922BF4} = {F03F814C-B51C-49EF-BED9-BD39370013F9}
		{705753B2-37AB-4F38-8C1D-D456637AFACC} = {F03F814C-B51C-49EF-BED9-BD39370013F9}
		{7F988041-0C0D-40B6-B6B3-7B983D571955} = {843C52AB-2C79-4383-BB5C-FF7D33A0419A}
		{2C6D45C1-4E6B-4A4F-9430-01A2E6DF5C2F} = {F03F814C-B51C-49EF-BED9-BD39370013F9}
		{7A15CCA6-E745-416C-B0AB-81DF68EF9302} = {B3A950F8-97DD-4781-8C0B-467209C5F4BD}
		{41D0AE73-7A68-4F60-B309-923B837AC239} = {A6B78F7A-2726-435C-AD57-20048B358939}
		{065908A0-9FEE-4530-B134-0D6FDAC6C2D2} = {A6B78F7A-2726-435C-AD57-20048B358939}
		{66968F61-3D38-468F-BB24-30928A54D30B} = {A6B78F7A-2726-435C-AD57-20048B358939}
		{EFC3D51F-20C6-4776-BF47-48997B2CC224} = {A6B78F7A-2726-435C-AD57-20048B358939}
		{75A5AA0F-6394-4C52-842C-1BEF25FF3550} = {B851D104-80B4-4D42-8F3C-8CF7A4832AE2}
		{9A889485-F608-4195-B36E-E92538DA0106} = {A6B78F7A-2726-435C-AD57-20048B358939}
		{A9CEF79E-1807-483D-89E0-036821C8EB94} = {C26EC733-039B-4295-8F03-61430DC7D535}
		{77687B96-F26D-4F77-A5A5-A4CF9B8EDB8D} = {B851D104-80B4-4D42-8F3C-8CF7A4832AE2}
		{2CE5D5B4-A796-469A-B161-6F71B5553CD1} = {B851D104-80B4-4D42-8F3C-8CF7A4832AE2}
	EndGlobalSection
EndGlobal
