
Microsoft Visual Studio Solution File, Format Version 12.00
# Visual Studio 2013
VisualStudioVersion = 12.0.31101.0
MinimumVisualStudioVersion = 10.0.40219.1
Project("{FAE04EC0-301F-11D3-BF4B-00C04F79EFBC}") = "NReco.Recommender", "NReco.Recommender\NReco.Recommender.csproj", "{A5DA1BF8-7601-45FC-A906-F61AC63D8EE7}"
EndProject
Project("{FAE04EC0-301F-11D3-BF4B-00C04F79EFBC}") = "NReco.Recommender.Tests", "NReco.Recommender.Tests\NReco.Recommender.Tests.csproj", "{917A99F0-A2A4-4A14-B40C-D83BC3922BF4}"
EndProject
Project("{FAE04EC0-301F-11D3-BF4B-00C04F79EFBC}") = "NReco.Recommender.Test.VS", "NReco.Recommender.Test.VS\NReco.Recommender.Test.VS.csproj", "{705753B2-37AB-4F38-8C1D-D456637AFACC}"
EndProject
Project("{FAE04EC0-301F-11D3-BF4B-00C04F79EFBC}") = "NReco.Recommender.Extension", "NReco.Recommender.Extension\NReco.Recommender.Extension.csproj", "{7F988041-0C0D-40B6-B6B3-7B983D571955}"
EndProject
Project("{FAE04EC0-301F-11D3-BF4B-00C04F79EFBC}") = "NReco.Recommender.Extension.Test", "NReco.Recommender.Extension.Test\NReco.Recommender.Extension.Test.csproj", "{2C6D45C1-4E6B-4A4F-9430-01A2E6DF5C2F}"
EndProject
Global
	GlobalSection(SolutionConfigurationPlatforms) = preSolution
		Debug|Any CPU = Debug|Any CPU
		Release|Any CPU = Release|Any CPU
	EndGlobalSection
	GlobalSection(ProjectConfigurationPlatforms) = postSolution
		{A5DA1BF8-7601-45FC-A906-F61AC63D8EE7}.Debug|Any CPU.ActiveCfg = Debug|Any CPU
		{A5DA1BF8-7601-45FC-A906-F61AC63D8EE7}.Debug|Any CPU.Build.0 = Debug|Any CPU
		{A5DA1BF8-7601-45FC-A906-F61AC63D8EE7}.Release|Any CPU.ActiveCfg = Release|Any CPU
		{A5DA1BF8-7601-45FC-A906-F61AC63D8EE7}.Release|Any CPU.Build.0 = Release|Any CPU
		{917A99F0-A2A4-4A14-B40C-D83BC3922BF4}.Debug|Any CPU.ActiveCfg = Debug|Any CPU
		{917A99F0-A2A4-4A14-B40C-D83BC3922BF4}.Debug|Any CPU.Build.0 = Debug|Any CPU
		{917A99F0-A2A4-4A14-B40C-D83BC3922BF4}.Release|Any CPU.ActiveCfg = Release|Any CPU
		{917A99F0-A2A4-4A14-B40C-D83BC3922BF4}.Release|Any CPU.Build.0 = Release|Any CPU
		{705753B2-37AB-4F38-8C1D-D456637AFACC}.Debug|Any CPU.ActiveCfg = Debug|Any CPU
		{705753B2-37AB-4F38-8C1D-D456637AFACC}.Debug|Any CPU.Build.0 = Debug|Any CPU
		{705753B2-37AB-4F38-8C1D-D456637AFACC}.Release|Any CPU.ActiveCfg = Release|Any CPU
		{705753B2-37AB-4F38-8C1D-D456637AFACC}.Release|Any CPU.Build.0 = Release|Any CPU
		{7F988041-0C0D-40B6-B6B3-7B983D571955}.Debug|Any CPU.ActiveCfg = Debug|Any CPU
		{7F988041-0C0D-40B6-B6B3-7B983D571955}.Debug|Any CPU.Build.0 = Debug|Any CPU
		{7F988041-0C0D-40B6-B6B3-7B983D571955}.Release|Any CPU.ActiveCfg = Release|Any CPU
		{7F988041-0C0D-40B6-B6B3-7B983D571955}.Release|Any CPU.Build.0 = Release|Any CPU
		{2C6D45C1-4E6B-4A4F-9430-01A2E6DF5C2F}.Debug|Any CPU.ActiveCfg = Debug|Any CPU
		{2C6D45C1-4E6B-4A4F-9430-01A2E6DF5C2F}.Debug|Any CPU.Build.0 = Debug|Any CPU
		{2C6D45C1-4E6B-4A4F-9430-01A2E6DF5C2F}.Release|Any CPU.ActiveCfg = Release|Any CPU
		{2C6D45C1-4E6B-4A4F-9430-01A2E6DF5C2F}.Release|Any CPU.Build.0 = Release|Any CPU
	EndGlobalSection
	GlobalSection(SolutionProperties) = preSolution
		HideSolutionNode = FALSE
	EndGlobalSection
EndGlobal
